
Microsoft Visual Studio Solution File, Format Version 12.00
# Visual Studio Version 17
VisualStudioVersion = 17.5.33627.172
MinimumVisualStudioVersion = 10.0.40219.1
Project("{9A19103F-16F7-4668-BE54-9A1E7A4F7556}") = "Core_Console", "Core_Console\Core_Console.csproj", "{D3FEE2F2-7C44-4592-B5BC-98EC6EFB3257}"
EndProject
Project("{FAE04EC0-301F-11D3-BF4B-00C04F79EFBC}") = "Framework_App", "Framework_App\Framework_App.csproj", "{977B242E-A114-44EE-B9CC-A25E668A8F57}"
EndProject
Project("{D954291E-2A0B-460D-934E-DC6B0785DB48}") = "Shared1", "Shared1\Shared1.shproj", "{161745FF-FA23-4DBF-9CC3-AE6C400C329D}"
EndProject
Project("{9A19103F-16F7-4668-BE54-9A1E7A4F7556}") = "Multi", "Multi\Multi.csproj", "{DDBA870C-4E4A-4DDA-8788-46C7EEF6D6DA}"
EndProject
Project("{778DAE3C-4631-46EA-AA77-85C1314464D9}") = "VB", "VB\VB.vbproj", "{0FAC3D5B-923B-4BD3-9649-87C29EFEF748}"
EndProject
Project("{8BC9CEB8-8B4A-11D0-8D11-00A0C91BC942}") = "Cpp", "Cpp\Cpp.vcxproj", "{135E5941-16B5-4BD9-9174-EED5341714CA}"
EndProject
Project("{9A19103F-16F7-4668-BE54-9A1E7A4F7556}") = "Cshtml", "Cshtml\Cshtml.csproj", "{95C540E2-C031-4936-AF32-6FCAF20B4F68}"
EndProject
Project("{FAE04EC0-301F-11D3-BF4B-00C04F79EFBC}") = "Aspx", "Aspx\Aspx.csproj", "{D941E0CD-857C-4C70-B8A7-47FE4D31C88F}"
EndProject
Project("{FAE04EC0-301F-11D3-BF4B-00C04F79EFBC}") = "Blazor", "Blazor\Blazor.csproj", "{16F61995-3B42-4966-97CC-445E7C341A5E}"
EndProject
Project("{FAE04EC0-301F-11D3-BF4B-00C04F79EFBC}") = "Xaml", "Xaml\Xaml.csproj", "{55F3A26B-F0B4-437C-AAD2-93F1C56EECBA}"
EndProject
Global
	GlobalSection(SolutionConfigurationPlatforms) = preSolution
		Debug|Any CPU = Debug|Any CPU
		Debug|x64 = Debug|x64
		Debug|x86 = Debug|x86
		Release|Any CPU = Release|Any CPU
		Release|x64 = Release|x64
		Release|x86 = Release|x86
	EndGlobalSection
	GlobalSection(ProjectConfigurationPlatforms) = postSolution
		{D3FEE2F2-7C44-4592-B5BC-98EC6EFB3257}.Debug|Any CPU.ActiveCfg = Debug|Any CPU
		{D3FEE2F2-7C44-4592-B5BC-98EC6EFB3257}.Debug|Any CPU.Build.0 = Debug|Any CPU
		{D3FEE2F2-7C44-4592-B5BC-98EC6EFB3257}.Debug|x64.ActiveCfg = Debug|Any CPU
		{D3FEE2F2-7C44-4592-B5BC-98EC6EFB3257}.Debug|x64.Build.0 = Debug|Any CPU
		{D3FEE2F2-7C44-4592-B5BC-98EC6EFB3257}.Debug|x86.ActiveCfg = Debug|Any CPU
		{D3FEE2F2-7C44-4592-B5BC-98EC6EFB3257}.Debug|x86.Build.0 = Debug|Any CPU
		{D3FEE2F2-7C44-4592-B5BC-98EC6EFB3257}.Release|Any CPU.ActiveCfg = Release|Any CPU
		{D3FEE2F2-7C44-4592-B5BC-98EC6EFB3257}.Release|Any CPU.Build.0 = Release|Any CPU
		{D3FEE2F2-7C44-4592-B5BC-98EC6EFB3257}.Release|x64.ActiveCfg = Release|Any CPU
		{D3FEE2F2-7C44-4592-B5BC-98EC6EFB3257}.Release|x64.Build.0 = Release|Any CPU
		{D3FEE2F2-7C44-4592-B5BC-98EC6EFB3257}.Release|x86.ActiveCfg = Release|Any CPU
		{D3FEE2F2-7C44-4592-B5BC-98EC6EFB3257}.Release|x86.Build.0 = Release|Any CPU
		{977B242E-A114-44EE-B9CC-A25E668A8F57}.Debug|Any CPU.ActiveCfg = Debug|Any CPU
		{977B242E-A114-44EE-B9CC-A25E668A8F57}.Debug|Any CPU.Build.0 = Debug|Any CPU
		{977B242E-A114-44EE-B9CC-A25E668A8F57}.Debug|x64.ActiveCfg = Debug|Any CPU
		{977B242E-A114-44EE-B9CC-A25E668A8F57}.Debug|x64.Build.0 = Debug|Any CPU
		{977B242E-A114-44EE-B9CC-A25E668A8F57}.Debug|x86.ActiveCfg = Debug|Any CPU
		{977B242E-A114-44EE-B9CC-A25E668A8F57}.Debug|x86.Build.0 = Debug|Any CPU
		{977B242E-A114-44EE-B9CC-A25E668A8F57}.Release|Any CPU.ActiveCfg = Release|Any CPU
		{977B242E-A114-44EE-B9CC-A25E668A8F57}.Release|Any CPU.Build.0 = Release|Any CPU
		{977B242E-A114-44EE-B9CC-A25E668A8F57}.Release|x64.ActiveCfg = Release|Any CPU
		{977B242E-A114-44EE-B9CC-A25E668A8F57}.Release|x64.Build.0 = Release|Any CPU
		{977B242E-A114-44EE-B9CC-A25E668A8F57}.Release|x86.ActiveCfg = Release|Any CPU
		{977B242E-A114-44EE-B9CC-A25E668A8F57}.Release|x86.Build.0 = Release|Any CPU
		{DDBA870C-4E4A-4DDA-8788-46C7EEF6D6DA}.Debug|Any CPU.ActiveCfg = Debug|Any CPU
		{DDBA870C-4E4A-4DDA-8788-46C7EEF6D6DA}.Debug|Any CPU.Build.0 = Debug|Any CPU
		{DDBA870C-4E4A-4DDA-8788-46C7EEF6D6DA}.Debug|x64.ActiveCfg = Debug|Any CPU
		{DDBA870C-4E4A-4DDA-8788-46C7EEF6D6DA}.Debug|x64.Build.0 = Debug|Any CPU
		{DDBA870C-4E4A-4DDA-8788-46C7EEF6D6DA}.Debug|x86.ActiveCfg = Debug|Any CPU
		{DDBA870C-4E4A-4DDA-8788-46C7EEF6D6DA}.Debug|x86.Build.0 = Debug|Any CPU
		{DDBA870C-4E4A-4DDA-8788-46C7EEF6D6DA}.Release|Any CPU.ActiveCfg = Release|Any CPU
		{DDBA870C-4E4A-4DDA-8788-46C7EEF6D6DA}.Release|Any CPU.Build.0 = Release|Any CPU
		{DDBA870C-4E4A-4DDA-8788-46C7EEF6D6DA}.Release|x64.ActiveCfg = Release|Any CPU
		{DDBA870C-4E4A-4DDA-8788-46C7EEF6D6DA}.Release|x64.Build.0 = Release|Any CPU
		{DDBA870C-4E4A-4DDA-8788-46C7EEF6D6DA}.Release|x86.ActiveCfg = Release|Any CPU
		{DDBA870C-4E4A-4DDA-8788-46C7EEF6D6DA}.Release|x86.Build.0 = Release|Any CPU
		{0FAC3D5B-923B-4BD3-9649-87C29EFEF748}.Debug|Any CPU.ActiveCfg = Debug|Any CPU
		{0FAC3D5B-923B-4BD3-9649-87C29EFEF748}.Debug|Any CPU.Build.0 = Debug|Any CPU
		{0FAC3D5B-923B-4BD3-9649-87C29EFEF748}.Debug|x64.ActiveCfg = Debug|Any CPU
		{0FAC3D5B-923B-4BD3-9649-87C29EFEF748}.Debug|x64.Build.0 = Debug|Any CPU
		{0FAC3D5B-923B-4BD3-9649-87C29EFEF748}.Debug|x86.ActiveCfg = Debug|Any CPU
		{0FAC3D5B-923B-4BD3-9649-87C29EFEF748}.Debug|x86.Build.0 = Debug|Any CPU
		{0FAC3D5B-923B-4BD3-9649-87C29EFEF748}.Release|Any CPU.ActiveCfg = Release|Any CPU
		{0FAC3D5B-923B-4BD3-9649-87C29EFEF748}.Release|Any CPU.Build.0 = Release|Any CPU
		{0FAC3D5B-923B-4BD3-9649-87C29EFEF748}.Release|x64.ActiveCfg = Release|Any CPU
		{0FAC3D5B-923B-4BD3-9649-87C29EFEF748}.Release|x64.Build.0 = Release|Any CPU
		{0FAC3D5B-923B-4BD3-9649-87C29EFEF748}.Release|x86.ActiveCfg = Release|Any CPU
		{0FAC3D5B-923B-4BD3-9649-87C29EFEF748}.Release|x86.Build.0 = Release|Any CPU
		{135E5941-16B5-4BD9-9174-EED5341714CA}.Debug|Any CPU.ActiveCfg = Debug|x64
		{135E5941-16B5-4BD9-9174-EED5341714CA}.Debug|Any CPU.Build.0 = Debug|x64
		{135E5941-16B5-4BD9-9174-EED5341714CA}.Debug|x64.ActiveCfg = Debug|x64
		{135E5941-16B5-4BD9-9174-EED5341714CA}.Debug|x64.Build.0 = Debug|x64
		{135E5941-16B5-4BD9-9174-EED5341714CA}.Debug|x86.ActiveCfg = Debug|Win32
		{135E5941-16B5-4BD9-9174-EED5341714CA}.Debug|x86.Build.0 = Debug|Win32
		{135E5941-16B5-4BD9-9174-EED5341714CA}.Release|Any CPU.ActiveCfg = Release|x64
		{135E5941-16B5-4BD9-9174-EED5341714CA}.Release|Any CPU.Build.0 = Release|x64
		{135E5941-16B5-4BD9-9174-EED5341714CA}.Release|x64.ActiveCfg = Release|x64
		{135E5941-16B5-4BD9-9174-EED5341714CA}.Release|x64.Build.0 = Release|x64
		{135E5941-16B5-4BD9-9174-EED5341714CA}.Release|x86.ActiveCfg = Release|Win32
		{135E5941-16B5-4BD9-9174-EED5341714CA}.Release|x86.Build.0 = Release|Win32
		{95C540E2-C031-4936-AF32-6FCAF20B4F68}.Debug|Any CPU.ActiveCfg = Debug|Any CPU
		{95C540E2-C031-4936-AF32-6FCAF20B4F68}.Debug|Any CPU.Build.0 = Debug|Any CPU
		{95C540E2-C031-4936-AF32-6FCAF20B4F68}.Debug|x64.ActiveCfg = Debug|Any CPU
		{95C540E2-C031-4936-AF32-6FCAF20B4F68}.Debug|x64.Build.0 = Debug|Any CPU
		{95C540E2-C031-4936-AF32-6FCAF20B4F68}.Debug|x86.ActiveCfg = Debug|Any CPU
		{95C540E2-C031-4936-AF32-6FCAF20B4F68}.Debug|x86.Build.0 = Debug|Any CPU
		{95C540E2-C031-4936-AF32-6FCAF20B4F68}.Release|Any CPU.ActiveCfg = Release|Any CPU
		{95C540E2-C031-4936-AF32-6FCAF20B4F68}.Release|Any CPU.Build.0 = Release|Any CPU
		{95C540E2-C031-4936-AF32-6FCAF20B4F68}.Release|x64.ActiveCfg = Release|Any CPU
		{95C540E2-C031-4936-AF32-6FCAF20B4F68}.Release|x64.Build.0 = Release|Any CPU
		{95C540E2-C031-4936-AF32-6FCAF20B4F68}.Release|x86.ActiveCfg = Release|Any CPU
		{95C540E2-C031-4936-AF32-6FCAF20B4F68}.Release|x86.Build.0 = Release|Any CPU
		{D941E0CD-857C-4C70-B8A7-47FE4D31C88F}.Debug|Any CPU.ActiveCfg = Debug|Any CPU
		{D941E0CD-857C-4C70-B8A7-47FE4D31C88F}.Debug|Any CPU.Build.0 = Debug|Any CPU
		{D941E0CD-857C-4C70-B8A7-47FE4D31C88F}.Debug|x64.ActiveCfg = Debug|Any CPU
		{D941E0CD-857C-4C70-B8A7-47FE4D31C88F}.Debug|x64.Build.0 = Debug|Any CPU
		{D941E0CD-857C-4C70-B8A7-47FE4D31C88F}.Debug|x86.ActiveCfg = Debug|Any CPU
		{D941E0CD-857C-4C70-B8A7-47FE4D31C88F}.Debug|x86.Build.0 = Debug|Any CPU
		{D941E0CD-857C-4C70-B8A7-47FE4D31C88F}.Release|Any CPU.ActiveCfg = Release|Any CPU
		{D941E0CD-857C-4C70-B8A7-47FE4D31C88F}.Release|Any CPU.Build.0 = Release|Any CPU
		{D941E0CD-857C-4C70-B8A7-47FE4D31C88F}.Release|x64.ActiveCfg = Release|Any CPU
		{D941E0CD-857C-4C70-B8A7-47FE4D31C88F}.Release|x64.Build.0 = Release|Any CPU
		{D941E0CD-857C-4C70-B8A7-47FE4D31C88F}.Release|x86.ActiveCfg = Release|Any CPU
		{D941E0CD-857C-4C70-B8A7-47FE4D31C88F}.Release|x86.Build.0 = Release|Any CPU
		{16F61995-3B42-4966-97CC-445E7C341A5E}.Debug|Any CPU.ActiveCfg = Debug|Any CPU
		{16F61995-3B42-4966-97CC-445E7C341A5E}.Debug|Any CPU.Build.0 = Debug|Any CPU
		{16F61995-3B42-4966-97CC-445E7C341A5E}.Debug|x64.ActiveCfg = Debug|Any CPU
		{16F61995-3B42-4966-97CC-445E7C341A5E}.Debug|x64.Build.0 = Debug|Any CPU
		{16F61995-3B42-4966-97CC-445E7C341A5E}.Debug|x86.ActiveCfg = Debug|Any CPU
		{16F61995-3B42-4966-97CC-445E7C341A5E}.Debug|x86.Build.0 = Debug|Any CPU
		{16F61995-3B42-4966-97CC-445E7C341A5E}.Release|Any CPU.ActiveCfg = Release|Any CPU
		{16F61995-3B42-4966-97CC-445E7C341A5E}.Release|Any CPU.Build.0 = Release|Any CPU
		{16F61995-3B42-4966-97CC-445E7C341A5E}.Release|x64.ActiveCfg = Release|Any CPU
		{16F61995-3B42-4966-97CC-445E7C341A5E}.Release|x64.Build.0 = Release|Any CPU
		{16F61995-3B42-4966-97CC-445E7C341A5E}.Release|x86.ActiveCfg = Release|Any CPU
		{16F61995-3B42-4966-97CC-445E7C341A5E}.Release|x86.Build.0 = Release|Any CPU
		{55F3A26B-F0B4-437C-AAD2-93F1C56EECBA}.Debug|Any CPU.ActiveCfg = Debug|Any CPU
		{55F3A26B-F0B4-437C-AAD2-93F1C56EECBA}.Debug|Any CPU.Build.0 = Debug|Any CPU
		{55F3A26B-F0B4-437C-AAD2-93F1C56EECBA}.Debug|x64.ActiveCfg = Debug|Any CPU
		{55F3A26B-F0B4-437C-AAD2-93F1C56EECBA}.Debug|x64.Build.0 = Debug|Any CPU
		{55F3A26B-F0B4-437C-AAD2-93F1C56EECBA}.Debug|x86.ActiveCfg = Debug|Any CPU
		{55F3A26B-F0B4-437C-AAD2-93F1C56EECBA}.Debug|x86.Build.0 = Debug|Any CPU
		{55F3A26B-F0B4-437C-AAD2-93F1C56EECBA}.Release|Any CPU.ActiveCfg = Release|Any CPU
		{55F3A26B-F0B4-437C-AAD2-93F1C56EECBA}.Release|Any CPU.Build.0 = Release|Any CPU
		{55F3A26B-F0B4-437C-AAD2-93F1C56EECBA}.Release|x64.ActiveCfg = Release|Any CPU
		{55F3A26B-F0B4-437C-AAD2-93F1C56EECBA}.Release|x64.Build.0 = Release|Any CPU
		{55F3A26B-F0B4-437C-AAD2-93F1C56EECBA}.Release|x86.ActiveCfg = Release|Any CPU
		{55F3A26B-F0B4-437C-AAD2-93F1C56EECBA}.Release|x86.Build.0 = Release|Any CPU
	EndGlobalSection
	GlobalSection(SolutionProperties) = preSolution
		HideSolutionNode = FALSE
	EndGlobalSection
	GlobalSection(ExtensibilityGlobals) = postSolution
		SolutionGuid = {5D211F41-25F1-4D07-ACE6-A77762E6187C}
	EndGlobalSection
	GlobalSection(SharedMSBuildProjectFiles) = preSolution
		Shared1\Shared1.projitems*{161745ff-fa23-4dbf-9cc3-ae6c400c329d}*SharedItemsImports = 13
		Shared1\Shared1.projitems*{977b242e-a114-44ee-b9cc-a25e668a8f57}*SharedItemsImports = 4
		Shared1\Shared1.projitems*{d3fee2f2-7c44-4592-b5bc-98ec6efb3257}*SharedItemsImports = 5
	EndGlobalSection
EndGlobal
